Microsoft Visual Studio Solution File, Format Version 12.00
# Visual Studio Version 17
VisualStudioVersion = 17.5.2.0
MinimumVisualStudioVersion = 10.0.40219.1
Project("{FAE04EC0-301F-11D3-BF4B-00C04F79EFBC}") = "Eureka.Api", "Eureka.Api.csproj", "{578260BF-19DE-414A-8819-BBAB832E2978}"
EndProject
Global
	GlobalSection(SolutionConfigurationPlatforms) = preSolution
		Debug|Any CPU = Debug|Any CPU
		Release|Any CPU = Release|Any CPU
	EndGlobalSection
	GlobalSection(ProjectConfigurationPlatforms) = postSolution
		{578260BF-19DE-414A-8819-BBAB832E2978}.Debug|Any CPU.ActiveCfg = Debug|Any CPU
		{578260BF-19DE-414A-8819-BBAB832E2978}.Debug|Any CPU.Build.0 = Debug|Any CPU
		{578260BF-19DE-414A-8819-BBAB832E2978}.Release|Any CPU.ActiveCfg = Release|Any CPU
		{578260BF-19DE-414A-8819-BBAB832E2978}.Release|Any CPU.Build.0 = Release|Any CPU
	EndGlobalSection
	GlobalSection(SolutionProperties) = preSolution
		HideSolutionNode = FALSE
	EndGlobalSection
	GlobalSection(ExtensibilityGlobals) = postSolution
		SolutionGuid = {E06F9566-2514-4CF4-B823-8BEA8E0BB483}
	EndGlobalSection
EndGlobal
